
Microsoft Visual Studio Solution File, Format Version 12.00
Project("{FAE04EC0-301F-11D3-BF4B-00C04F79EFBC}") = "ITC.DataService", "ITC.DataService\ITC.DataService.csproj", "{3B60119B-96AB-4032-9666-5D0CDBCB769C}"
EndProject
Project("{2150E333-8FDC-42A3-9474-1A3956D46DE8}") = "Solution Items", "Solution Items", "{A130AF31-4CC6-4751-8224-28CCE99443CD}"
	ProjectSection(SolutionItems) = preProject
		compose.yaml = compose.yaml
		docker-compose-server-cd.yml = docker-compose-server-cd.yml
	EndProjectSection
EndProject
Global
	GlobalSection(SolutionConfigurationPlatforms) = preSolution
		Debug|Any CPU = Debug|Any CPU
		Release|Any CPU = Release|Any CPU
	EndGlobalSection
	GlobalSection(ProjectConfigurationPlatforms) = postSolution
		{3B60119B-96AB-4032-9666-5D0CDBCB769C}.Debug|Any CPU.ActiveCfg = Debug|Any CPU
		{3B60119B-96AB-4032-9666-5D0CDBCB769C}.Debug|Any CPU.Build.0 = Debug|Any CPU
		{3B60119B-96AB-4032-9666-5D0CDBCB769C}.Release|Any CPU.ActiveCfg = Release|Any CPU
		{3B60119B-96AB-4032-9666-5D0CDBCB769C}.Release|Any CPU.Build.0 = Release|Any CPU
	EndGlobalSection
EndGlobal
